
Microsoft Visual Studio Solution File, Format Version 12.00
# Visual Studio 15
VisualStudioVersion = 15.0.28010.2050
MinimumVisualStudioVersion = 10.0.40219.1
Project("{9A19103F-16F7-4668-BE54-9A1E7A4F7556}") = "NopLocalization", "src\NopLocalization\NopLocalization.csproj", "{14569507-2D05-40D9-8274-A96D40474E34}"
EndProject
Project("{FAE04EC0-301F-11D3-BF4B-00C04F79EFBC}") = "NopLocalization.Sample", "samples\NopLocalization.Sample\NopLocalization.Sample.csproj", "{23CE44AE-ABFB-4E5F-A04E-03D9C1A9A6BC}"
EndProject
Global
	GlobalSection(SolutionConfigurationPlatforms) = preSolution
		Debug|Any CPU = Debug|Any CPU
		Release|Any CPU = Release|Any CPU
	EndGlobalSection
	GlobalSection(ProjectConfigurationPlatforms) = postSolution
		{14569507-2D05-40D9-8274-A96D40474E34}.Debug|Any CPU.ActiveCfg = Debug|Any CPU
		{14569507-2D05-40D9-8274-A96D40474E34}.Debug|Any CPU.Build.0 = Debug|Any CPU
		{14569507-2D05-40D9-8274-A96D40474E34}.Release|Any CPU.ActiveCfg = Release|Any CPU
		{14569507-2D05-40D9-8274-A96D40474E34}.Release|Any CPU.Build.0 = Release|Any CPU
		{23CE44AE-ABFB-4E5F-A04E-03D9C1A9A6BC}.Debug|Any CPU.ActiveCfg = Debug|Any CPU
		{23CE44AE-ABFB-4E5F-A04E-03D9C1A9A6BC}.Debug|Any CPU.Build.0 = Debug|Any CPU
		{23CE44AE-ABFB-4E5F-A04E-03D9C1A9A6BC}.Release|Any CPU.ActiveCfg = Release|Any CPU
		{23CE44AE-ABFB-4E5F-A04E-03D9C1A9A6BC}.Release|Any CPU.Build.0 = Release|Any CPU
	EndGlobalSection
	GlobalSection(SolutionProperties) = preSolution
		HideSolutionNode = FALSE
	EndGlobalSection
	GlobalSection(ExtensibilityGlobals) = postSolution
		SolutionGuid = {F3D7675E-9BDD-48FD-BECA-348D7A509BC2}
	EndGlobalSection
EndGlobal
